
Microsoft Visual Studio Solution File, Format Version 12.00
# Visual Studio Version 16
VisualStudioVersion = 16.0.30907.101
MinimumVisualStudioVersion = 10.0.40219.1
Project("{FAE04EC0-301F-11D3-BF4B-00C04F79EFBC}") = "MediaAlunos", "MediaAlunos.csproj", "{06D87E74-2FCF-40D6-AB7A-BC3A8E030977}"
EndProject
Global
	GlobalSection(SolutionConfigurationPlatforms) = preSolution
		Debug|Any CPU = Debug|Any CPU
		Release|Any CPU = Release|Any CPU
	EndGlobalSection
	GlobalSection(ProjectConfigurationPlatforms) = postSolution
		{06D87E74-2FCF-40D6-AB7A-BC3A8E030977}.Debug|Any CPU.ActiveCfg = Debug|Any CPU
		{06D87E74-2FCF-40D6-AB7A-BC3A8E030977}.Debug|Any CPU.Build.0 = Debug|Any CPU
		{06D87E74-2FCF-40D6-AB7A-BC3A8E030977}.Release|Any CPU.ActiveCfg = Release|Any CPU
		{06D87E74-2FCF-40D6-AB7A-BC3A8E030977}.Release|Any CPU.Build.0 = Release|Any CPU
	EndGlobalSection
	GlobalSection(SolutionProperties) = preSolution
		HideSolutionNode = FALSE
	EndGlobalSection
	GlobalSection(ExtensibilityGlobals) = postSolution
		SolutionGuid = {345E3AF7-4E5A-42DC-BA18-F903C2FE12B7}
	EndGlobalSection
EndGlobal
